
Microsoft Visual Studio Solution File, Format Version 12.00
# Visual Studio Version 16
VisualStudioVersion = 16.0.30717.126
MinimumVisualStudioVersion = 10.0.40219.1
Project("{FAE04EC0-301F-11D3-BF4B-00C04F79EFBC}") = "Ativ20_ChristianoCorreaOrtsen", "Ativ20_ChristianoCorreaOrtsen.csproj", "{690ADA2E-D457-4076-A42E-044F111A409C}"
EndProject
Global
	GlobalSection(SolutionConfigurationPlatforms) = preSolution
		Debug|Any CPU = Debug|Any CPU
		Release|Any CPU = Release|Any CPU
	EndGlobalSection
	GlobalSection(ProjectConfigurationPlatforms) = postSolution
		{690ADA2E-D457-4076-A42E-044F111A409C}.Debug|Any CPU.ActiveCfg = Debug|Any CPU
		{690ADA2E-D457-4076-A42E-044F111A409C}.Debug|Any CPU.Build.0 = Debug|Any CPU
		{690ADA2E-D457-4076-A42E-044F111A409C}.Release|Any CPU.ActiveCfg = Release|Any CPU
		{690ADA2E-D457-4076-A42E-044F111A409C}.Release|Any CPU.Build.0 = Release|Any CPU
	EndGlobalSection
	GlobalSection(SolutionProperties) = preSolution
		HideSolutionNode = FALSE
	EndGlobalSection
	GlobalSection(ExtensibilityGlobals) = postSolution
		SolutionGuid = {28DD2CCF-158C-47CB-9794-D4D756213FDB}
	EndGlobalSection
EndGlobal
